
Microsoft Visual Studio Solution File, Format Version 12.00
# Visual Studio Version 17
VisualStudioVersion = 17.3.32922.545
MinimumVisualStudioVersion = 10.0.40219.1
Project("{FAE04EC0-301F-11D3-BF4B-00C04F79EFBC}") = "DeckofDecks", "DeckofDecks.csproj", "{5F434BE1-A901-451F-B1B3-C1D002ED94EA}"
EndProject
Global
	GlobalSection(SolutionConfigurationPlatforms) = preSolution
		Debug|Any CPU = Debug|Any CPU
		Release|Any CPU = Release|Any CPU
	EndGlobalSection
	GlobalSection(ProjectConfigurationPlatforms) = postSolution
		{5F434BE1-A901-451F-B1B3-C1D002ED94EA}.Debug|Any CPU.ActiveCfg = Debug|Any CPU
		{5F434BE1-A901-451F-B1B3-C1D002ED94EA}.Debug|Any CPU.Build.0 = Debug|Any CPU
		{5F434BE1-A901-451F-B1B3-C1D002ED94EA}.Release|Any CPU.ActiveCfg = Release|Any CPU
		{5F434BE1-A901-451F-B1B3-C1D002ED94EA}.Release|Any CPU.Build.0 = Release|Any CPU
	EndGlobalSection
	GlobalSection(SolutionProperties) = preSolution
		HideSolutionNode = FALSE
	EndGlobalSection
	GlobalSection(ExtensibilityGlobals) = postSolution
		SolutionGuid = {E5C9DF50-98D7-43DE-9DF1-9F35B2E64582}
	EndGlobalSection
EndGlobal
